
Microsoft Visual Studio Solution File, Format Version 12.00
# Visual Studio 15
VisualStudioVersion = 15.0.27130.2020
MinimumVisualStudioVersion = 10.0.40219.1
Project("{9A19103F-16F7-4668-BE54-9A1E7A4F7556}") = "2-MemoryView", "zadacha2\2-MemoryView.csproj", "{350521A0-2A85-4F74-A56B-547AF6B4909F}"
EndProject
Project("{9A19103F-16F7-4668-BE54-9A1E7A4F7556}") = "1-Rage Expenses", "1-Rage Expenses\1-Rage Expenses.csproj", "{6CE0F9C0-364A-48E7-96D8-78483C1109EB}"
EndProject
Project("{9A19103F-16F7-4668-BE54-9A1E7A4F7556}") = "3-Tseam Account", "3-Tseam Account\3-Tseam Account.csproj", "{DCA89039-0B29-43D2-BA54-F01B44792BC8}"
EndProject
Project("{9A19103F-16F7-4668-BE54-9A1E7A4F7556}") = "4-MOBA Challenger", "4-MOBA Challenger\4-MOBA Challenger.csproj", "{AF3AF5BE-DB55-4A49-B65A-48D472021DCF}"
EndProject
Project("{9A19103F-16F7-4668-BE54-9A1E7A4F7556}") = "training", "training\training.csproj", "{92A4CF27-8100-4289-B9BB-FA0AE9B61409}"
EndProject
Project("{2150E333-8FDC-42A3-9474-1A3956D46DE8}") = "ExamPrep2", "ExamPrep2", "{7276FFE5-4A74-40F8-B23D-B159DF4A4B1C}"
EndProject
Project("{9A19103F-16F7-4668-BE54-9A1E7A4F7556}") = "03.Anonymous Vox", "03.Anonymous Vox\03.Anonymous Vox.csproj", "{9DBE010E-DE32-4944-808A-E09DA131CF59}"
EndProject
Project("{2150E333-8FDC-42A3-9474-1A3956D46DE8}") = "ExamPrep1", "ExamPrep1", "{9BE86066-6B03-4030-93A5-3285ECE09F01}"
EndProject
Project("{9A19103F-16F7-4668-BE54-9A1E7A4F7556}") = "04.Anonymous cache", "04.Anonymous cache\04.Anonymous cache.csproj", "{289D391B-2D3E-4CD5-B8DC-F9D9070471B7}"
EndProject
Project("{2150E333-8FDC-42A3-9474-1A3956D46DE8}") = "TrainingGroups", "TrainingGroups", "{35096856-D286-4136-85C2-3EDD05959188}"
EndProject
Project("{9A19103F-16F7-4668-BE54-9A1E7A4F7556}") = "01.PokeMon", "01.PokeMon\01.PokeMon.csproj", "{2256BA19-4260-4CA7-9609-04D985DC0B05}"
EndProject
Project("{9A19103F-16F7-4668-BE54-9A1E7A4F7556}") = "02.PokemonDontGo", "02.PokemonDontGo\02.PokemonDontGo.csproj", "{EF734DDA-751F-47C6-953E-042370AC03A0}"
EndProject
Project("{9A19103F-16F7-4668-BE54-9A1E7A4F7556}") = "03.Regexmon", "03.Regexmon\03.Regexmon.csproj", "{C000B647-09CF-47FE-87D0-0B59D7C8FB4A}"
EndProject
Project("{9A19103F-16F7-4668-BE54-9A1E7A4F7556}") = "04.Pokemon Evolution", "04.Pokemon Evolution\04.Pokemon Evolution.csproj", "{F5182EE2-C4B3-47E4-8244-5F786EE69E9F}"
EndProject
Project("{2150E333-8FDC-42A3-9474-1A3956D46DE8}") = "ExamPrep2-b", "ExamPrep2-b", "{7E6D59D1-849C-45FE-8398-026150B7A9F4}"
EndProject
Project("{9A19103F-16F7-4668-BE54-9A1E7A4F7556}") = "03.Star Enigma", "03.Star Enigma\03.Star Enigma.csproj", "{BFF4CAB7-A65F-4555-99A5-A892CFB380B7}"
EndProject
Project("{9A19103F-16F7-4668-BE54-9A1E7A4F7556}") = "04.ForceBook", "04.ForceBook\04.ForceBook.csproj", "{713D4571-CF14-4400-BD6A-5EC15A9E23BA}"
EndProject
Project("{2150E333-8FDC-42A3-9474-1A3956D46DE8}") = "ExamPrep3", "ExamPrep3", "{2A5800BA-AABF-4F20-AB7F-481F9A45E400}"
EndProject
Project("{9A19103F-16F7-4668-BE54-9A1E7A4F7556}") = "01.HornetWings", "01.HornetWings\01.HornetWings.csproj", "{6574CAC5-C27E-45B7-B5F3-5EEB3DA27817}"
EndProject
Project("{9A19103F-16F7-4668-BE54-9A1E7A4F7556}") = "02.Hornet Comm", "02.Hornet Comm\02.Hornet Comm.csproj", "{20055D7B-AAAB-439C-ADD4-653104852731}"
EndProject
Project("{9A19103F-16F7-4668-BE54-9A1E7A4F7556}") = "03.HornetAssault", "03.HornetAssault\03.HornetAssault.csproj", "{A278EE78-AA6D-4677-8027-C78795D53D66}"
EndProject
Project("{9A19103F-16F7-4668-BE54-9A1E7A4F7556}") = "04.HornetArmada", "04.HornetArmada\04.HornetArmada.csproj", "{00B814B5-9659-4C0D-9958-80CE677D6A78}"
EndProject
Project("{2150E333-8FDC-42A3-9474-1A3956D46DE8}") = "ExamPrep3-b", "ExamPrep3-b", "{67C443A0-972F-43A4-B108-4310071B2340}"
EndProject
Project("{9A19103F-16F7-4668-BE54-9A1E7A4F7556}") = "01. Sino The Walker", "01. Sino The Walker\01. Sino The Walker.csproj", "{D78A2A65-5EBE-4CFC-BCAB-BA0789913092}"
EndProject
Project("{9A19103F-16F7-4668-BE54-9A1E7A4F7556}") = "02.SoftUni Karaoke", "02.SoftUni Karaoke\02.SoftUni Karaoke.csproj", "{B3A1281A-CBAC-4360-881E-51712A9F79F7}"
EndProject
Project("{9A19103F-16F7-4668-BE54-9A1E7A4F7556}") = "04.Winning Ticket", "04.Winning Ticket\04.Winning Ticket.csproj", "{9F638418-FF41-4E79-AD7D-E3A6CF56485C}"
EndProject
Project("{9A19103F-16F7-4668-BE54-9A1E7A4F7556}") = "proverki", "proverki\proverki.csproj", "{15B978CD-72FF-4EA4-8FEE-96A6833F04BC}"
EndProject
Project("{9A19103F-16F7-4668-BE54-9A1E7A4F7556}") = "03.EnduranceRally", "03.EnduranceRally\03.EnduranceRally.csproj", "{C5D9E7F9-4F89-4653-B014-810988B71B12}"
EndProject
Project("{9A19103F-16F7-4668-BE54-9A1E7A4F7556}") = "04.SoftUniExamResults", "..\..\examJuly2018\04.SoftUniExamResults\04.SoftUniExamResults.csproj", "{7E39C59E-047B-4058-8427-69FD2E7B90B1}"
EndProject
Project("{2150E333-8FDC-42A3-9474-1A3956D46DE8}") = "ExamPrep2-c", "ExamPrep2-c", "{EA2AF6D6-4859-4F19-8B2B-AC472A6D07B5}"
EndProject
Project("{FAE04EC0-301F-11D3-BF4B-00C04F79EFBC}") = "01.Charity Marathon", "01.Charity Marathon\01.Charity Marathon.csproj", "{F3136076-64C8-49BA-8333-E981E4D372A7}"
EndProject
Project("{FAE04EC0-301F-11D3-BF4B-00C04F79EFBC}") = "03.Nether Realms", "03.Nether Realms\03.Nether Realms.csproj", "{F60E0E95-A2AA-4529-AB8C-7DA2BFCA50FC}"
EndProject
Global
	GlobalSection(SolutionConfigurationPlatforms) = preSolution
		Debug|Any CPU = Debug|Any CPU
		Release|Any CPU = Release|Any CPU
	EndGlobalSection
	GlobalSection(ProjectConfigurationPlatforms) = postSolution
		{350521A0-2A85-4F74-A56B-547AF6B4909F}.Debug|Any CPU.ActiveCfg = Debug|Any CPU
		{350521A0-2A85-4F74-A56B-547AF6B4909F}.Debug|Any CPU.Build.0 = Debug|Any CPU
		{350521A0-2A85-4F74-A56B-547AF6B4909F}.Release|Any CPU.ActiveCfg = Release|Any CPU
		{350521A0-2A85-4F74-A56B-547AF6B4909F}.Release|Any CPU.Build.0 = Release|Any CPU
		{6CE0F9C0-364A-48E7-96D8-78483C1109EB}.Debug|Any CPU.ActiveCfg = Debug|Any CPU
		{6CE0F9C0-364A-48E7-96D8-78483C1109EB}.Debug|Any CPU.Build.0 = Debug|Any CPU
		{6CE0F9C0-364A-48E7-96D8-78483C1109EB}.Release|Any CPU.ActiveCfg = Release|Any CPU
		{6CE0F9C0-364A-48E7-96D8-78483C1109EB}.Release|Any CPU.Build.0 = Release|Any CPU
		{DCA89039-0B29-43D2-BA54-F01B44792BC8}.Debug|Any CPU.ActiveCfg = Debug|Any CPU
		{DCA89039-0B29-43D2-BA54-F01B44792BC8}.Debug|Any CPU.Build.0 = Debug|Any CPU
		{DCA89039-0B29-43D2-BA54-F01B44792BC8}.Release|Any CPU.ActiveCfg = Release|Any CPU
		{DCA89039-0B29-43D2-BA54-F01B44792BC8}.Release|Any CPU.Build.0 = Release|Any CPU
		{AF3AF5BE-DB55-4A49-B65A-48D472021DCF}.Debug|Any CPU.ActiveCfg = Debug|Any CPU
		{AF3AF5BE-DB55-4A49-B65A-48D472021DCF}.Debug|Any CPU.Build.0 = Debug|Any CPU
		{AF3AF5BE-DB55-4A49-B65A-48D472021DCF}.Release|Any CPU.ActiveCfg = Release|Any CPU
		{AF3AF5BE-DB55-4A49-B65A-48D472021DCF}.Release|Any CPU.Build.0 = Release|Any CPU
		{92A4CF27-8100-4289-B9BB-FA0AE9B61409}.Debug|Any CPU.ActiveCfg = Debug|Any CPU
		{92A4CF27-8100-4289-B9BB-FA0AE9B61409}.Debug|Any CPU.Build.0 = Debug|Any CPU
		{92A4CF27-8100-4289-B9BB-FA0AE9B61409}.Release|Any CPU.ActiveCfg = Release|Any CPU
		{92A4CF27-8100-4289-B9BB-FA0AE9B61409}.Release|Any CPU.Build.0 = Release|Any CPU
		{9DBE010E-DE32-4944-808A-E09DA131CF59}.Debug|Any CPU.ActiveCfg = Debug|Any CPU
		{9DBE010E-DE32-4944-808A-E09DA131CF59}.Debug|Any CPU.Build.0 = Debug|Any CPU
		{9DBE010E-DE32-4944-808A-E09DA131CF59}.Release|Any CPU.ActiveCfg = Release|Any CPU
		{9DBE010E-DE32-4944-808A-E09DA131CF59}.Release|Any CPU.Build.0 = Release|Any CPU
		{289D391B-2D3E-4CD5-B8DC-F9D9070471B7}.Debug|Any CPU.ActiveCfg = Debug|Any CPU
		{289D391B-2D3E-4CD5-B8DC-F9D9070471B7}.Debug|Any CPU.Build.0 = Debug|Any CPU
		{289D391B-2D3E-4CD5-B8DC-F9D9070471B7}.Release|Any CPU.ActiveCfg = Release|Any CPU
		{289D391B-2D3E-4CD5-B8DC-F9D9070471B7}.Release|Any CPU.Build.0 = Release|Any CPU
		{2256BA19-4260-4CA7-9609-04D985DC0B05}.Debug|Any CPU.ActiveCfg = Debug|Any CPU
		{2256BA19-4260-4CA7-9609-04D985DC0B05}.Debug|Any CPU.Build.0 = Debug|Any CPU
		{2256BA19-4260-4CA7-9609-04D985DC0B05}.Release|Any CPU.ActiveCfg = Release|Any CPU
		{2256BA19-4260-4CA7-9609-04D985DC0B05}.Release|Any CPU.Build.0 = Release|Any CPU
		{EF734DDA-751F-47C6-953E-042370AC03A0}.Debug|Any CPU.ActiveCfg = Debug|Any CPU
		{EF734DDA-751F-47C6-953E-042370AC03A0}.Debug|Any CPU.Build.0 = Debug|Any CPU
		{EF734DDA-751F-47C6-953E-042370AC03A0}.Release|Any CPU.ActiveCfg = Release|Any CPU
		{EF734DDA-751F-47C6-953E-042370AC03A0}.Release|Any CPU.Build.0 = Release|Any CPU
		{C000B647-09CF-47FE-87D0-0B59D7C8FB4A}.Debug|Any CPU.ActiveCfg = Debug|Any CPU
		{C000B647-09CF-47FE-87D0-0B59D7C8FB4A}.Debug|Any CPU.Build.0 = Debug|Any CPU
		{C000B647-09CF-47FE-87D0-0B59D7C8FB4A}.Release|Any CPU.ActiveCfg = Release|Any CPU
		{C000B647-09CF-47FE-87D0-0B59D7C8FB4A}.Release|Any CPU.Build.0 = Release|Any CPU
		{F5182EE2-C4B3-47E4-8244-5F786EE69E9F}.Debug|Any CPU.ActiveCfg = Debug|Any CPU
		{F5182EE2-C4B3-47E4-8244-5F786EE69E9F}.Debug|Any CPU.Build.0 = Debug|Any CPU
		{F5182EE2-C4B3-47E4-8244-5F786EE69E9F}.Release|Any CPU.ActiveCfg = Release|Any CPU
		{F5182EE2-C4B3-47E4-8244-5F786EE69E9F}.Release|Any CPU.Build.0 = Release|Any CPU
		{BFF4CAB7-A65F-4555-99A5-A892CFB380B7}.Debug|Any CPU.ActiveCfg = Debug|Any CPU
		{BFF4CAB7-A65F-4555-99A5-A892CFB380B7}.Debug|Any CPU.Build.0 = Debug|Any CPU
		{BFF4CAB7-A65F-4555-99A5-A892CFB380B7}.Release|Any CPU.ActiveCfg = Release|Any CPU
		{BFF4CAB7-A65F-4555-99A5-A892CFB380B7}.Release|Any CPU.Build.0 = Release|Any CPU
		{713D4571-CF14-4400-BD6A-5EC15A9E23BA}.Debug|Any CPU.ActiveCfg = Debug|Any CPU
		{713D4571-CF14-4400-BD6A-5EC15A9E23BA}.Debug|Any CPU.Build.0 = Debug|Any CPU
		{713D4571-CF14-4400-BD6A-5EC15A9E23BA}.Release|Any CPU.ActiveCfg = Release|Any CPU
		{713D4571-CF14-4400-BD6A-5EC15A9E23BA}.Release|Any CPU.Build.0 = Release|Any CPU
		{6574CAC5-C27E-45B7-B5F3-5EEB3DA27817}.Debug|Any CPU.ActiveCfg = Debug|Any CPU
		{6574CAC5-C27E-45B7-B5F3-5EEB3DA27817}.Debug|Any CPU.Build.0 = Debug|Any CPU
		{6574CAC5-C27E-45B7-B5F3-5EEB3DA27817}.Release|Any CPU.ActiveCfg = Release|Any CPU
		{6574CAC5-C27E-45B7-B5F3-5EEB3DA27817}.Release|Any CPU.Build.0 = Release|Any CPU
		{20055D7B-AAAB-439C-ADD4-653104852731}.Debug|Any CPU.ActiveCfg = Debug|Any CPU
		{20055D7B-AAAB-439C-ADD4-653104852731}.Debug|Any CPU.Build.0 = Debug|Any CPU
		{20055D7B-AAAB-439C-ADD4-653104852731}.Release|Any CPU.ActiveCfg = Release|Any CPU
		{20055D7B-AAAB-439C-ADD4-653104852731}.Release|Any CPU.Build.0 = Release|Any CPU
		{A278EE78-AA6D-4677-8027-C78795D53D66}.Debug|Any CPU.ActiveCfg = Debug|Any CPU
		{A278EE78-AA6D-4677-8027-C78795D53D66}.Debug|Any CPU.Build.0 = Debug|Any CPU
		{A278EE78-AA6D-4677-8027-C78795D53D66}.Release|Any CPU.ActiveCfg = Release|Any CPU
		{A278EE78-AA6D-4677-8027-C78795D53D66}.Release|Any CPU.Build.0 = Release|Any CPU
		{00B814B5-9659-4C0D-9958-80CE677D6A78}.Debug|Any CPU.ActiveCfg = Debug|Any CPU
		{00B814B5-9659-4C0D-9958-80CE677D6A78}.Debug|Any CPU.Build.0 = Debug|Any CPU
		{00B814B5-9659-4C0D-9958-80CE677D6A78}.Release|Any CPU.ActiveCfg = Release|Any CPU
		{00B814B5-9659-4C0D-9958-80CE677D6A78}.Release|Any CPU.Build.0 = Release|Any CPU
		{D78A2A65-5EBE-4CFC-BCAB-BA0789913092}.Debug|Any CPU.ActiveCfg = Debug|Any CPU
		{D78A2A65-5EBE-4CFC-BCAB-BA0789913092}.Debug|Any CPU.Build.0 = Debug|Any CPU
		{D78A2A65-5EBE-4CFC-BCAB-BA0789913092}.Release|Any CPU.ActiveCfg = Release|Any CPU
		{D78A2A65-5EBE-4CFC-BCAB-BA0789913092}.Release|Any CPU.Build.0 = Release|Any CPU
		{B3A1281A-CBAC-4360-881E-51712A9F79F7}.Debug|Any CPU.ActiveCfg = Debug|Any CPU
		{B3A1281A-CBAC-4360-881E-51712A9F79F7}.Debug|Any CPU.Build.0 = Debug|Any CPU
		{B3A1281A-CBAC-4360-881E-51712A9F79F7}.Release|Any CPU.ActiveCfg = Release|Any CPU
		{B3A1281A-CBAC-4360-881E-51712A9F79F7}.Release|Any CPU.Build.0 = Release|Any CPU
		{9F638418-FF41-4E79-AD7D-E3A6CF56485C}.Debug|Any CPU.ActiveCfg = Debug|Any CPU
		{9F638418-FF41-4E79-AD7D-E3A6CF56485C}.Debug|Any CPU.Build.0 = Debug|Any CPU
		{9F638418-FF41-4E79-AD7D-E3A6CF56485C}.Release|Any CPU.ActiveCfg = Release|Any CPU
		{9F638418-FF41-4E79-AD7D-E3A6CF56485C}.Release|Any CPU.Build.0 = Release|Any CPU
		{15B978CD-72FF-4EA4-8FEE-96A6833F04BC}.Debug|Any CPU.ActiveCfg = Debug|Any CPU
		{15B978CD-72FF-4EA4-8FEE-96A6833F04BC}.Debug|Any CPU.Build.0 = Debug|Any CPU
		{15B978CD-72FF-4EA4-8FEE-96A6833F04BC}.Release|Any CPU.ActiveCfg = Release|Any CPU
		{15B978CD-72FF-4EA4-8FEE-96A6833F04BC}.Release|Any CPU.Build.0 = Release|Any CPU
		{C5D9E7F9-4F89-4653-B014-810988B71B12}.Debug|Any CPU.ActiveCfg = Debug|Any CPU
		{C5D9E7F9-4F89-4653-B014-810988B71B12}.Debug|Any CPU.Build.0 = Debug|Any CPU
		{C5D9E7F9-4F89-4653-B014-810988B71B12}.Release|Any CPU.ActiveCfg = Release|Any CPU
		{C5D9E7F9-4F89-4653-B014-810988B71B12}.Release|Any CPU.Build.0 = Release|Any CPU
		{7E39C59E-047B-4058-8427-69FD2E7B90B1}.Debug|Any CPU.ActiveCfg = Debug|Any CPU
		{7E39C59E-047B-4058-8427-69FD2E7B90B1}.Debug|Any CPU.Build.0 = Debug|Any CPU
		{7E39C59E-047B-4058-8427-69FD2E7B90B1}.Release|Any CPU.ActiveCfg = Release|Any CPU
		{7E39C59E-047B-4058-8427-69FD2E7B90B1}.Release|Any CPU.Build.0 = Release|Any CPU
		{F3136076-64C8-49BA-8333-E981E4D372A7}.Debug|Any CPU.ActiveCfg = Debug|Any CPU
		{F3136076-64C8-49BA-8333-E981E4D372A7}.Debug|Any CPU.Build.0 = Debug|Any CPU
		{F3136076-64C8-49BA-8333-E981E4D372A7}.Release|Any CPU.ActiveCfg = Release|Any CPU
		{F3136076-64C8-49BA-8333-E981E4D372A7}.Release|Any CPU.Build.0 = Release|Any CPU
		{F60E0E95-A2AA-4529-AB8C-7DA2BFCA50FC}.Debug|Any CPU.ActiveCfg = Debug|Any CPU
		{F60E0E95-A2AA-4529-AB8C-7DA2BFCA50FC}.Debug|Any CPU.Build.0 = Debug|Any CPU
		{F60E0E95-A2AA-4529-AB8C-7DA2BFCA50FC}.Release|Any CPU.ActiveCfg = Release|Any CPU
		{F60E0E95-A2AA-4529-AB8C-7DA2BFCA50FC}.Release|Any CPU.Build.0 = Release|Any CPU
	EndGlobalSection
	GlobalSection(SolutionProperties) = preSolution
		HideSolutionNode = FALSE
	EndGlobalSection
	GlobalSection(NestedProjects) = preSolution
		{350521A0-2A85-4F74-A56B-547AF6B4909F} = {9BE86066-6B03-4030-93A5-3285ECE09F01}
		{6CE0F9C0-364A-48E7-96D8-78483C1109EB} = {9BE86066-6B03-4030-93A5-3285ECE09F01}
		{DCA89039-0B29-43D2-BA54-F01B44792BC8} = {9BE86066-6B03-4030-93A5-3285ECE09F01}
		{AF3AF5BE-DB55-4A49-B65A-48D472021DCF} = {9BE86066-6B03-4030-93A5-3285ECE09F01}
		{9DBE010E-DE32-4944-808A-E09DA131CF59} = {7276FFE5-4A74-40F8-B23D-B159DF4A4B1C}
		{289D391B-2D3E-4CD5-B8DC-F9D9070471B7} = {7276FFE5-4A74-40F8-B23D-B159DF4A4B1C}
		{2256BA19-4260-4CA7-9609-04D985DC0B05} = {35096856-D286-4136-85C2-3EDD05959188}
		{EF734DDA-751F-47C6-953E-042370AC03A0} = {35096856-D286-4136-85C2-3EDD05959188}
		{C000B647-09CF-47FE-87D0-0B59D7C8FB4A} = {35096856-D286-4136-85C2-3EDD05959188}
		{F5182EE2-C4B3-47E4-8244-5F786EE69E9F} = {35096856-D286-4136-85C2-3EDD05959188}
		{BFF4CAB7-A65F-4555-99A5-A892CFB380B7} = {7E6D59D1-849C-45FE-8398-026150B7A9F4}
		{713D4571-CF14-4400-BD6A-5EC15A9E23BA} = {7E6D59D1-849C-45FE-8398-026150B7A9F4}
		{6574CAC5-C27E-45B7-B5F3-5EEB3DA27817} = {2A5800BA-AABF-4F20-AB7F-481F9A45E400}
		{20055D7B-AAAB-439C-ADD4-653104852731} = {2A5800BA-AABF-4F20-AB7F-481F9A45E400}
		{A278EE78-AA6D-4677-8027-C78795D53D66} = {2A5800BA-AABF-4F20-AB7F-481F9A45E400}
		{00B814B5-9659-4C0D-9958-80CE677D6A78} = {2A5800BA-AABF-4F20-AB7F-481F9A45E400}
		{D78A2A65-5EBE-4CFC-BCAB-BA0789913092} = {67C443A0-972F-43A4-B108-4310071B2340}
		{B3A1281A-CBAC-4360-881E-51712A9F79F7} = {67C443A0-972F-43A4-B108-4310071B2340}
		{9F638418-FF41-4E79-AD7D-E3A6CF56485C} = {67C443A0-972F-43A4-B108-4310071B2340}
		{C5D9E7F9-4F89-4653-B014-810988B71B12} = {67C443A0-972F-43A4-B108-4310071B2340}
		{F3136076-64C8-49BA-8333-E981E4D372A7} = {EA2AF6D6-4859-4F19-8B2B-AC472A6D07B5}
		{F60E0E95-A2AA-4529-AB8C-7DA2BFCA50FC} = {EA2AF6D6-4859-4F19-8B2B-AC472A6D07B5}
	EndGlobalSection
	GlobalSection(ExtensibilityGlobals) = postSolution
		SolutionGuid = {D33B7ECB-A59E-4C6C-944B-1C98A0760E35}
	EndGlobalSection
EndGlobal
