
Microsoft Visual Studio Solution File, Format Version 12.00
# Visual Studio 15
VisualStudioVersion = 15.0.28307.102
MinimumVisualStudioVersion = 10.0.40219.1
Project("{FAE04EC0-301F-11D3-BF4B-00C04F79EFBC}") = "HTMLCSS", "HTMLCSS\HTMLCSS.csproj", "{2BF7F365-AE91-4098-A73F-E713921DEE0D}"
EndProject
Global
	GlobalSection(SolutionConfigurationPlatforms) = preSolution
		Debug|Any CPU = Debug|Any CPU
		Release|Any CPU = Release|Any CPU
	EndGlobalSection
	GlobalSection(ProjectConfigurationPlatforms) = postSolution
		{2BF7F365-AE91-4098-A73F-E713921DEE0D}.Debug|Any CPU.ActiveCfg = Debug|Any CPU
		{2BF7F365-AE91-4098-A73F-E713921DEE0D}.Debug|Any CPU.Build.0 = Debug|Any CPU
		{2BF7F365-AE91-4098-A73F-E713921DEE0D}.Release|Any CPU.ActiveCfg = Release|Any CPU
		{2BF7F365-AE91-4098-A73F-E713921DEE0D}.Release|Any CPU.Build.0 = Release|Any CPU
	EndGlobalSection
	GlobalSection(SolutionProperties) = preSolution
		HideSolutionNode = FALSE
	EndGlobalSection
	GlobalSection(ExtensibilityGlobals) = postSolution
		SolutionGuid = {6C2B9211-9337-44BC-85E9-C5CF5BA14C50}
	EndGlobalSection
EndGlobal
