
Microsoft Visual Studio Solution File, Format Version 12.00
# Visual Studio 15
VisualStudioVersion = 15.0.27130.2027
MinimumVisualStudioVersion = 10.0.40219.1
Project("{FAE04EC0-301F-11D3-BF4B-00C04F79EFBC}") = "Zvezdichka", "Zvezdichka\Zvezdichka.csproj", "{3C579E20-6580-4684-B6DA-7B6AFFD31E40}"
EndProject
Project("{FAE04EC0-301F-11D3-BF4B-00C04F79EFBC}") = "Kula", "Kula\Kula.csproj", "{2B6037FC-BC43-477E-9338-07117CFFC429}"
EndProject
Project("{FAE04EC0-301F-11D3-BF4B-00C04F79EFBC}") = "diamond", "diamond\diamond.csproj", "{F96A8038-5D3F-4268-9440-87D8191A74F6}"
EndProject
Project("{FAE04EC0-301F-11D3-BF4B-00C04F79EFBC}") = "RombOtZvezdichki", "RombOtZvezdichki\RombOtZvezdichki.csproj", "{7BF99FD4-2AB2-4458-85C4-FA79A99B1847}"
EndProject
Project("{FAE04EC0-301F-11D3-BF4B-00C04F79EFBC}") = "Ochila", "Ochila\Ochila.csproj", "{1C0F8826-1EF7-4347-94F0-A8EF27C6F86B}"
EndProject
Project("{FAE04EC0-301F-11D3-BF4B-00C04F79EFBC}") = "Peperuda", "Peperuda\Peperuda.csproj", "{77264F71-7BDD-4DB1-9D39-D965EC888405}"
EndProject
Project("{FAE04EC0-301F-11D3-BF4B-00C04F79EFBC}") = "ZnakStop", "ZnakStop\ZnakStop.csproj", "{3FAB8BB6-2FA6-4678-B232-5B5920CBBBD5}"
EndProject
Project("{FAE04EC0-301F-11D3-BF4B-00C04F79EFBC}") = "KolednaElha", "KolednaElha\KolednaElha.csproj", "{57EEB045-08BA-4477-B77B-0C95D7B3A365}"
EndProject
Project("{FAE04EC0-301F-11D3-BF4B-00C04F79EFBC}") = "Kushtichka", "Kushtichka\Kushtichka.csproj", "{A9BA720F-E86F-4E21-A457-0DAD60F51660}"
EndProject
Project("{FAE04EC0-301F-11D3-BF4B-00C04F79EFBC}") = "KvadratnaMreja", "KvadratnaMreja\KvadratnaMreja.csproj", "{8D55A072-E88D-4E62-A097-4C1B6B14E953}"
EndProject
Project("{FAE04EC0-301F-11D3-BF4B-00C04F79EFBC}") = "Ramka", "Ramka\Ramka.csproj", "{11E3FAD0-130C-4D4A-8FFD-0574D4F37195}"
EndProject
Project("{FAE04EC0-301F-11D3-BF4B-00C04F79EFBC}") = "Romb", "Romb\Romb.csproj", "{03FBFCCE-0A79-41A0-A147-E56254EACC8F}"
EndProject
Project("{FAE04EC0-301F-11D3-BF4B-00C04F79EFBC}") = "Shevica", "Shevica\Shevica.csproj", "{10F0A131-4C6B-4B2F-B4DB-8F69D5A5A23A}"
EndProject
Project("{FAE04EC0-301F-11D3-BF4B-00C04F79EFBC}") = "Test_pechatane", "Test_pechatane\Test_pechatane.csproj", "{41CD8C76-6DEA-4C82-8ED6-F7E6050490E2}"
EndProject
Project("{FAE04EC0-301F-11D3-BF4B-00C04F79EFBC}") = "Kupa", "Kupa\Kupa.csproj", "{E6B60D18-AEEF-4F1C-910F-AAD150995434}"
EndProject
Project("{FAE04EC0-301F-11D3-BF4B-00C04F79EFBC}") = "Triugulnik", "Triugulnik\Triugulnik.csproj", "{156B446E-628C-490C-A754-913A7102F132}"
EndProject
Project("{FAE04EC0-301F-11D3-BF4B-00C04F79EFBC}") = "Korona", "Korona\Korona.csproj", "{54FCB7B7-279B-46C1-8676-E15A2E6A2603}"
EndProject
Project("{FAE04EC0-301F-11D3-BF4B-00C04F79EFBC}") = "KolednaIgrachka", "KolednaIgrachka\KolednaIgrachka.csproj", "{0F8DA1AF-32D7-4940-886F-73F573646353}"
EndProject
Project("{FAE04EC0-301F-11D3-BF4B-00C04F79EFBC}") = "PeperudaNova", "PeperudaNova\PeperudaNova.csproj", "{D11950B1-A4B5-4D2A-A7D4-5D32C192F0C4}"
EndProject
Project("{FAE04EC0-301F-11D3-BF4B-00C04F79EFBC}") = "Kalinka", "Kalinka\Kalinka.csproj", "{13790725-8A2A-47A6-9052-2ACA71996FF2}"
EndProject
Project("{FAE04EC0-301F-11D3-BF4B-00C04F79EFBC}") = "ChashaKafe", "ChashaKafe\ChashaKafe.csproj", "{41D039BD-2D06-497D-9247-05B8C5B59E1B}"
EndProject
Project("{FAE04EC0-301F-11D3-BF4B-00C04F79EFBC}") = "Paralepiped", "Paralepiped\Paralepiped.csproj", "{7C04BD91-08EE-4C31-81E5-9F0279212F84}"
EndProject
Project("{FAE04EC0-301F-11D3-BF4B-00C04F79EFBC}") = "PqsuchenChasovnik", "PqsuchenChasovnik\PqsuchenChasovnik.csproj", "{782F6C9B-CF46-44F1-B4F4-61C898FA3E2B}"
EndProject
Project("{FAE04EC0-301F-11D3-BF4B-00C04F79EFBC}") = "softUniLogo", "softUniLogo\softUniLogo.csproj", "{C3C22170-AE47-430A-87DA-FD4561AA75C6}"
EndProject
Project("{FAE04EC0-301F-11D3-BF4B-00C04F79EFBC}") = "KolednaShapka", "KolednaShapka\KolednaShapka.csproj", "{3C219F53-D627-4B58-B5AB-5AF6189A8982}"
EndProject
Project("{FAE04EC0-301F-11D3-BF4B-00C04F79EFBC}") = "Raketa", "Raketa\Raketa.csproj", "{50E3964F-3C9F-4C17-ADC6-D143C007CDDE}"
EndProject
Project("{FAE04EC0-301F-11D3-BF4B-00C04F79EFBC}") = "Lisica", "Lisica\Lisica.csproj", "{B2DDEF89-D0CA-4649-B90D-C9281C198AFC}"
EndProject
Project("{FAE04EC0-301F-11D3-BF4B-00C04F79EFBC}") = "Sword", "Sword\Sword.csproj", "{47D07F38-7990-4B88-92E5-A9B1ABA6B8B4}"
EndProject
Project("{FAE04EC0-301F-11D3-BF4B-00C04F79EFBC}") = "Maska", "Maska\Maska.csproj", "{F31D979F-58C9-427A-876B-BA425B733854}"
EndProject
Project("{FAE04EC0-301F-11D3-BF4B-00C04F79EFBC}") = "Strela", "Strela\Strela.csproj", "{79D18A69-0150-45AD-93FB-7A15D98D6EFB}"
EndProject
Project("{FAE04EC0-301F-11D3-BF4B-00C04F79EFBC}") = "Nebosturgach", "Nebosturgach\Nebosturgach.csproj", "{F9504154-B878-4938-B461-49CB98C44E23}"
EndProject
Project("{FAE04EC0-301F-11D3-BF4B-00C04F79EFBC}") = "KokteilMargarita", "KokteilMargarita\KokteilMargarita.csproj", "{8AE8367B-BAD5-488E-8C59-89D27B925333}"
EndProject
Project("{FAE04EC0-301F-11D3-BF4B-00C04F79EFBC}") = "ZadachataNaAna", "ZadachataNaAna\ZadachataNaAna.csproj", "{6B5EB285-7314-41FD-9D93-78BEE7A8B14B}"
EndProject
Global
	GlobalSection(SolutionConfigurationPlatforms) = preSolution
		Debug|Any CPU = Debug|Any CPU
		Release|Any CPU = Release|Any CPU
	EndGlobalSection
	GlobalSection(ProjectConfigurationPlatforms) = postSolution
		{3C579E20-6580-4684-B6DA-7B6AFFD31E40}.Debug|Any CPU.ActiveCfg = Debug|Any CPU
		{3C579E20-6580-4684-B6DA-7B6AFFD31E40}.Debug|Any CPU.Build.0 = Debug|Any CPU
		{3C579E20-6580-4684-B6DA-7B6AFFD31E40}.Release|Any CPU.ActiveCfg = Release|Any CPU
		{3C579E20-6580-4684-B6DA-7B6AFFD31E40}.Release|Any CPU.Build.0 = Release|Any CPU
		{2B6037FC-BC43-477E-9338-07117CFFC429}.Debug|Any CPU.ActiveCfg = Debug|Any CPU
		{2B6037FC-BC43-477E-9338-07117CFFC429}.Debug|Any CPU.Build.0 = Debug|Any CPU
		{2B6037FC-BC43-477E-9338-07117CFFC429}.Release|Any CPU.ActiveCfg = Release|Any CPU
		{2B6037FC-BC43-477E-9338-07117CFFC429}.Release|Any CPU.Build.0 = Release|Any CPU
		{F96A8038-5D3F-4268-9440-87D8191A74F6}.Debug|Any CPU.ActiveCfg = Debug|Any CPU
		{F96A8038-5D3F-4268-9440-87D8191A74F6}.Debug|Any CPU.Build.0 = Debug|Any CPU
		{F96A8038-5D3F-4268-9440-87D8191A74F6}.Release|Any CPU.ActiveCfg = Release|Any CPU
		{F96A8038-5D3F-4268-9440-87D8191A74F6}.Release|Any CPU.Build.0 = Release|Any CPU
		{7BF99FD4-2AB2-4458-85C4-FA79A99B1847}.Debug|Any CPU.ActiveCfg = Debug|Any CPU
		{7BF99FD4-2AB2-4458-85C4-FA79A99B1847}.Debug|Any CPU.Build.0 = Debug|Any CPU
		{7BF99FD4-2AB2-4458-85C4-FA79A99B1847}.Release|Any CPU.ActiveCfg = Release|Any CPU
		{7BF99FD4-2AB2-4458-85C4-FA79A99B1847}.Release|Any CPU.Build.0 = Release|Any CPU
		{1C0F8826-1EF7-4347-94F0-A8EF27C6F86B}.Debug|Any CPU.ActiveCfg = Debug|Any CPU
		{1C0F8826-1EF7-4347-94F0-A8EF27C6F86B}.Debug|Any CPU.Build.0 = Debug|Any CPU
		{1C0F8826-1EF7-4347-94F0-A8EF27C6F86B}.Release|Any CPU.ActiveCfg = Release|Any CPU
		{1C0F8826-1EF7-4347-94F0-A8EF27C6F86B}.Release|Any CPU.Build.0 = Release|Any CPU
		{77264F71-7BDD-4DB1-9D39-D965EC888405}.Debug|Any CPU.ActiveCfg = Debug|Any CPU
		{77264F71-7BDD-4DB1-9D39-D965EC888405}.Debug|Any CPU.Build.0 = Debug|Any CPU
		{77264F71-7BDD-4DB1-9D39-D965EC888405}.Release|Any CPU.ActiveCfg = Release|Any CPU
		{77264F71-7BDD-4DB1-9D39-D965EC888405}.Release|Any CPU.Build.0 = Release|Any CPU
		{3FAB8BB6-2FA6-4678-B232-5B5920CBBBD5}.Debug|Any CPU.ActiveCfg = Debug|Any CPU
		{3FAB8BB6-2FA6-4678-B232-5B5920CBBBD5}.Debug|Any CPU.Build.0 = Debug|Any CPU
		{3FAB8BB6-2FA6-4678-B232-5B5920CBBBD5}.Release|Any CPU.ActiveCfg = Release|Any CPU
		{3FAB8BB6-2FA6-4678-B232-5B5920CBBBD5}.Release|Any CPU.Build.0 = Release|Any CPU
		{57EEB045-08BA-4477-B77B-0C95D7B3A365}.Debug|Any CPU.ActiveCfg = Debug|Any CPU
		{57EEB045-08BA-4477-B77B-0C95D7B3A365}.Debug|Any CPU.Build.0 = Debug|Any CPU
		{57EEB045-08BA-4477-B77B-0C95D7B3A365}.Release|Any CPU.ActiveCfg = Release|Any CPU
		{57EEB045-08BA-4477-B77B-0C95D7B3A365}.Release|Any CPU.Build.0 = Release|Any CPU
		{A9BA720F-E86F-4E21-A457-0DAD60F51660}.Debug|Any CPU.ActiveCfg = Debug|Any CPU
		{A9BA720F-E86F-4E21-A457-0DAD60F51660}.Debug|Any CPU.Build.0 = Debug|Any CPU
		{A9BA720F-E86F-4E21-A457-0DAD60F51660}.Release|Any CPU.ActiveCfg = Release|Any CPU
		{A9BA720F-E86F-4E21-A457-0DAD60F51660}.Release|Any CPU.Build.0 = Release|Any CPU
		{8D55A072-E88D-4E62-A097-4C1B6B14E953}.Debug|Any CPU.ActiveCfg = Debug|Any CPU
		{8D55A072-E88D-4E62-A097-4C1B6B14E953}.Debug|Any CPU.Build.0 = Debug|Any CPU
		{8D55A072-E88D-4E62-A097-4C1B6B14E953}.Release|Any CPU.ActiveCfg = Release|Any CPU
		{8D55A072-E88D-4E62-A097-4C1B6B14E953}.Release|Any CPU.Build.0 = Release|Any CPU
		{11E3FAD0-130C-4D4A-8FFD-0574D4F37195}.Debug|Any CPU.ActiveCfg = Debug|Any CPU
		{11E3FAD0-130C-4D4A-8FFD-0574D4F37195}.Debug|Any CPU.Build.0 = Debug|Any CPU
		{11E3FAD0-130C-4D4A-8FFD-0574D4F37195}.Release|Any CPU.ActiveCfg = Release|Any CPU
		{11E3FAD0-130C-4D4A-8FFD-0574D4F37195}.Release|Any CPU.Build.0 = Release|Any CPU
		{03FBFCCE-0A79-41A0-A147-E56254EACC8F}.Debug|Any CPU.ActiveCfg = Debug|Any CPU
		{03FBFCCE-0A79-41A0-A147-E56254EACC8F}.Debug|Any CPU.Build.0 = Debug|Any CPU
		{03FBFCCE-0A79-41A0-A147-E56254EACC8F}.Release|Any CPU.ActiveCfg = Release|Any CPU
		{03FBFCCE-0A79-41A0-A147-E56254EACC8F}.Release|Any CPU.Build.0 = Release|Any CPU
		{10F0A131-4C6B-4B2F-B4DB-8F69D5A5A23A}.Debug|Any CPU.ActiveCfg = Debug|Any CPU
		{10F0A131-4C6B-4B2F-B4DB-8F69D5A5A23A}.Debug|Any CPU.Build.0 = Debug|Any CPU
		{10F0A131-4C6B-4B2F-B4DB-8F69D5A5A23A}.Release|Any CPU.ActiveCfg = Release|Any CPU
		{10F0A131-4C6B-4B2F-B4DB-8F69D5A5A23A}.Release|Any CPU.Build.0 = Release|Any CPU
		{41CD8C76-6DEA-4C82-8ED6-F7E6050490E2}.Debug|Any CPU.ActiveCfg = Debug|Any CPU
		{41CD8C76-6DEA-4C82-8ED6-F7E6050490E2}.Debug|Any CPU.Build.0 = Debug|Any CPU
		{41CD8C76-6DEA-4C82-8ED6-F7E6050490E2}.Release|Any CPU.ActiveCfg = Release|Any CPU
		{41CD8C76-6DEA-4C82-8ED6-F7E6050490E2}.Release|Any CPU.Build.0 = Release|Any CPU
		{E6B60D18-AEEF-4F1C-910F-AAD150995434}.Debug|Any CPU.ActiveCfg = Debug|Any CPU
		{E6B60D18-AEEF-4F1C-910F-AAD150995434}.Debug|Any CPU.Build.0 = Debug|Any CPU
		{E6B60D18-AEEF-4F1C-910F-AAD150995434}.Release|Any CPU.ActiveCfg = Release|Any CPU
		{E6B60D18-AEEF-4F1C-910F-AAD150995434}.Release|Any CPU.Build.0 = Release|Any CPU
		{156B446E-628C-490C-A754-913A7102F132}.Debug|Any CPU.ActiveCfg = Debug|Any CPU
		{156B446E-628C-490C-A754-913A7102F132}.Debug|Any CPU.Build.0 = Debug|Any CPU
		{156B446E-628C-490C-A754-913A7102F132}.Release|Any CPU.ActiveCfg = Release|Any CPU
		{156B446E-628C-490C-A754-913A7102F132}.Release|Any CPU.Build.0 = Release|Any CPU
		{54FCB7B7-279B-46C1-8676-E15A2E6A2603}.Debug|Any CPU.ActiveCfg = Debug|Any CPU
		{54FCB7B7-279B-46C1-8676-E15A2E6A2603}.Debug|Any CPU.Build.0 = Debug|Any CPU
		{54FCB7B7-279B-46C1-8676-E15A2E6A2603}.Release|Any CPU.ActiveCfg = Release|Any CPU
		{54FCB7B7-279B-46C1-8676-E15A2E6A2603}.Release|Any CPU.Build.0 = Release|Any CPU
		{0F8DA1AF-32D7-4940-886F-73F573646353}.Debug|Any CPU.ActiveCfg = Debug|Any CPU
		{0F8DA1AF-32D7-4940-886F-73F573646353}.Debug|Any CPU.Build.0 = Debug|Any CPU
		{0F8DA1AF-32D7-4940-886F-73F573646353}.Release|Any CPU.ActiveCfg = Release|Any CPU
		{0F8DA1AF-32D7-4940-886F-73F573646353}.Release|Any CPU.Build.0 = Release|Any CPU
		{D11950B1-A4B5-4D2A-A7D4-5D32C192F0C4}.Debug|Any CPU.ActiveCfg = Debug|Any CPU
		{D11950B1-A4B5-4D2A-A7D4-5D32C192F0C4}.Debug|Any CPU.Build.0 = Debug|Any CPU
		{D11950B1-A4B5-4D2A-A7D4-5D32C192F0C4}.Release|Any CPU.ActiveCfg = Release|Any CPU
		{D11950B1-A4B5-4D2A-A7D4-5D32C192F0C4}.Release|Any CPU.Build.0 = Release|Any CPU
		{13790725-8A2A-47A6-9052-2ACA71996FF2}.Debug|Any CPU.ActiveCfg = Debug|Any CPU
		{13790725-8A2A-47A6-9052-2ACA71996FF2}.Debug|Any CPU.Build.0 = Debug|Any CPU
		{13790725-8A2A-47A6-9052-2ACA71996FF2}.Release|Any CPU.ActiveCfg = Release|Any CPU
		{13790725-8A2A-47A6-9052-2ACA71996FF2}.Release|Any CPU.Build.0 = Release|Any CPU
		{41D039BD-2D06-497D-9247-05B8C5B59E1B}.Debug|Any CPU.ActiveCfg = Debug|Any CPU
		{41D039BD-2D06-497D-9247-05B8C5B59E1B}.Debug|Any CPU.Build.0 = Debug|Any CPU
		{41D039BD-2D06-497D-9247-05B8C5B59E1B}.Release|Any CPU.ActiveCfg = Release|Any CPU
		{41D039BD-2D06-497D-9247-05B8C5B59E1B}.Release|Any CPU.Build.0 = Release|Any CPU
		{7C04BD91-08EE-4C31-81E5-9F0279212F84}.Debug|Any CPU.ActiveCfg = Debug|Any CPU
		{7C04BD91-08EE-4C31-81E5-9F0279212F84}.Debug|Any CPU.Build.0 = Debug|Any CPU
		{7C04BD91-08EE-4C31-81E5-9F0279212F84}.Release|Any CPU.ActiveCfg = Release|Any CPU
		{7C04BD91-08EE-4C31-81E5-9F0279212F84}.Release|Any CPU.Build.0 = Release|Any CPU
		{782F6C9B-CF46-44F1-B4F4-61C898FA3E2B}.Debug|Any CPU.ActiveCfg = Debug|Any CPU
		{782F6C9B-CF46-44F1-B4F4-61C898FA3E2B}.Debug|Any CPU.Build.0 = Debug|Any CPU
		{782F6C9B-CF46-44F1-B4F4-61C898FA3E2B}.Release|Any CPU.ActiveCfg = Release|Any CPU
		{782F6C9B-CF46-44F1-B4F4-61C898FA3E2B}.Release|Any CPU.Build.0 = Release|Any CPU
		{C3C22170-AE47-430A-87DA-FD4561AA75C6}.Debug|Any CPU.ActiveCfg = Debug|Any CPU
		{C3C22170-AE47-430A-87DA-FD4561AA75C6}.Debug|Any CPU.Build.0 = Debug|Any CPU
		{C3C22170-AE47-430A-87DA-FD4561AA75C6}.Release|Any CPU.ActiveCfg = Release|Any CPU
		{C3C22170-AE47-430A-87DA-FD4561AA75C6}.Release|Any CPU.Build.0 = Release|Any CPU
		{3C219F53-D627-4B58-B5AB-5AF6189A8982}.Debug|Any CPU.ActiveCfg = Debug|Any CPU
		{3C219F53-D627-4B58-B5AB-5AF6189A8982}.Debug|Any CPU.Build.0 = Debug|Any CPU
		{3C219F53-D627-4B58-B5AB-5AF6189A8982}.Release|Any CPU.ActiveCfg = Release|Any CPU
		{3C219F53-D627-4B58-B5AB-5AF6189A8982}.Release|Any CPU.Build.0 = Release|Any CPU
		{50E3964F-3C9F-4C17-ADC6-D143C007CDDE}.Debug|Any CPU.ActiveCfg = Debug|Any CPU
		{50E3964F-3C9F-4C17-ADC6-D143C007CDDE}.Debug|Any CPU.Build.0 = Debug|Any CPU
		{50E3964F-3C9F-4C17-ADC6-D143C007CDDE}.Release|Any CPU.ActiveCfg = Release|Any CPU
		{50E3964F-3C9F-4C17-ADC6-D143C007CDDE}.Release|Any CPU.Build.0 = Release|Any CPU
		{B2DDEF89-D0CA-4649-B90D-C9281C198AFC}.Debug|Any CPU.ActiveCfg = Debug|Any CPU
		{B2DDEF89-D0CA-4649-B90D-C9281C198AFC}.Debug|Any CPU.Build.0 = Debug|Any CPU
		{B2DDEF89-D0CA-4649-B90D-C9281C198AFC}.Release|Any CPU.ActiveCfg = Release|Any CPU
		{B2DDEF89-D0CA-4649-B90D-C9281C198AFC}.Release|Any CPU.Build.0 = Release|Any CPU
		{47D07F38-7990-4B88-92E5-A9B1ABA6B8B4}.Debug|Any CPU.ActiveCfg = Debug|Any CPU
		{47D07F38-7990-4B88-92E5-A9B1ABA6B8B4}.Debug|Any CPU.Build.0 = Debug|Any CPU
		{47D07F38-7990-4B88-92E5-A9B1ABA6B8B4}.Release|Any CPU.ActiveCfg = Release|Any CPU
		{47D07F38-7990-4B88-92E5-A9B1ABA6B8B4}.Release|Any CPU.Build.0 = Release|Any CPU
		{F31D979F-58C9-427A-876B-BA425B733854}.Debug|Any CPU.ActiveCfg = Debug|Any CPU
		{F31D979F-58C9-427A-876B-BA425B733854}.Debug|Any CPU.Build.0 = Debug|Any CPU
		{F31D979F-58C9-427A-876B-BA425B733854}.Release|Any CPU.ActiveCfg = Release|Any CPU
		{F31D979F-58C9-427A-876B-BA425B733854}.Release|Any CPU.Build.0 = Release|Any CPU
		{79D18A69-0150-45AD-93FB-7A15D98D6EFB}.Debug|Any CPU.ActiveCfg = Debug|Any CPU
		{79D18A69-0150-45AD-93FB-7A15D98D6EFB}.Debug|Any CPU.Build.0 = Debug|Any CPU
		{79D18A69-0150-45AD-93FB-7A15D98D6EFB}.Release|Any CPU.ActiveCfg = Release|Any CPU
		{79D18A69-0150-45AD-93FB-7A15D98D6EFB}.Release|Any CPU.Build.0 = Release|Any CPU
		{F9504154-B878-4938-B461-49CB98C44E23}.Debug|Any CPU.ActiveCfg = Debug|Any CPU
		{F9504154-B878-4938-B461-49CB98C44E23}.Debug|Any CPU.Build.0 = Debug|Any CPU
		{F9504154-B878-4938-B461-49CB98C44E23}.Release|Any CPU.ActiveCfg = Release|Any CPU
		{F9504154-B878-4938-B461-49CB98C44E23}.Release|Any CPU.Build.0 = Release|Any CPU
		{8AE8367B-BAD5-488E-8C59-89D27B925333}.Debug|Any CPU.ActiveCfg = Debug|Any CPU
		{8AE8367B-BAD5-488E-8C59-89D27B925333}.Debug|Any CPU.Build.0 = Debug|Any CPU
		{8AE8367B-BAD5-488E-8C59-89D27B925333}.Release|Any CPU.ActiveCfg = Release|Any CPU
		{8AE8367B-BAD5-488E-8C59-89D27B925333}.Release|Any CPU.Build.0 = Release|Any CPU
		{6B5EB285-7314-41FD-9D93-78BEE7A8B14B}.Debug|Any CPU.ActiveCfg = Debug|Any CPU
		{6B5EB285-7314-41FD-9D93-78BEE7A8B14B}.Debug|Any CPU.Build.0 = Debug|Any CPU
		{6B5EB285-7314-41FD-9D93-78BEE7A8B14B}.Release|Any CPU.ActiveCfg = Release|Any CPU
		{6B5EB285-7314-41FD-9D93-78BEE7A8B14B}.Release|Any CPU.Build.0 = Release|Any CPU
	EndGlobalSection
	GlobalSection(SolutionProperties) = preSolution
		HideSolutionNode = FALSE
	EndGlobalSection
	GlobalSection(ExtensibilityGlobals) = postSolution
		SolutionGuid = {2EFF98C5-AC66-481F-96DF-9F27C8B84D38}
	EndGlobalSection
EndGlobal
