
Microsoft Visual Studio Solution File, Format Version 12.00
# Visual Studio 15
VisualStudioVersion = 15.0.27130.2020
MinimumVisualStudioVersion = 10.0.40219.1
Project("{FAE04EC0-301F-11D3-BF4B-00C04F79EFBC}") = "Test_00", "Test_00\Test_00.csproj", "{88E725A3-19B1-4363-AFA9-8DD18047D83B}"
EndProject
Project("{FAE04EC0-301F-11D3-BF4B-00C04F79EFBC}") = "PersonalInfo", "PersonalInfo\PersonalInfo.csproj", "{F34F7BD3-3640-4346-A9DC-CB66C6B2F197}"
EndProject
Project("{FAE04EC0-301F-11D3-BF4B-00C04F79EFBC}") = "Square-Area", "Square-Area\Square-Area.csproj", "{49612777-C2C3-4B3C-9871-B7F3034DDAF5}"
EndProject
Project("{FAE04EC0-301F-11D3-BF4B-00C04F79EFBC}") = "Inches2cm", "Inches2cm\Inches2cm.csproj", "{04D6BF90-68D7-490C-B268-0EDE39110A78}"
EndProject
Project("{FAE04EC0-301F-11D3-BF4B-00C04F79EFBC}") = "Greetings", "Greetings\Greetings.csproj", "{EBEC346E-68E5-42E9-9E21-3BE85308E894}"
EndProject
Project("{FAE04EC0-301F-11D3-BF4B-00C04F79EFBC}") = "LiceTrapec", "LiceTrapec\LiceTrapec.csproj", "{B3268D48-79D6-4ECF-A859-DD29AFE1E67E}"
EndProject
Project("{FAE04EC0-301F-11D3-BF4B-00C04F79EFBC}") = "Circle", "Circle\Circle.csproj", "{A4E3BF47-28A1-45FD-8841-399E974F7148}"
EndProject
Project("{FAE04EC0-301F-11D3-BF4B-00C04F79EFBC}") = "2DRectangleArea", "2DRectangleArea\2DRectangleArea.csproj", "{2735051D-1220-49DC-B1DE-5CBAC0783E08}"
EndProject
Project("{FAE04EC0-301F-11D3-BF4B-00C04F79EFBC}") = "LiceTriugulnik", "LiceTriugulnik\LiceTriugulnik.csproj", "{7527E9D8-3812-47A1-9767-33318535FBB1}"
EndProject
Project("{FAE04EC0-301F-11D3-BF4B-00C04F79EFBC}") = "CtoFahr", "CtoFahr\CtoFahr.csproj", "{D2B7CDBA-B933-4ACE-9BC2-64E6C45ADBF1}"
EndProject
Project("{FAE04EC0-301F-11D3-BF4B-00C04F79EFBC}") = "Far2C", "Far2C\Far2C.csproj", "{E43DE363-C0C0-48B7-B5DC-8016E2768696}"
EndProject
Project("{FAE04EC0-301F-11D3-BF4B-00C04F79EFBC}") = "rad2deg", "rad2deg\rad2deg.csproj", "{60E8921A-2B3D-45D1-B024-022838CF2525}"
EndProject
Project("{FAE04EC0-301F-11D3-BF4B-00C04F79EFBC}") = "USDtoLev", "USDtoLev\USDtoLev.csproj", "{B149B7E5-3076-431B-B0DA-37665AE185CF}"
EndProject
Project("{FAE04EC0-301F-11D3-BF4B-00C04F79EFBC}") = "currencyConvertor", "currencyConvertor\currencyConvertor.csproj", "{C47412ED-F0B8-4B8E-A674-2E148C80BF5F}"
EndProject
Project("{FAE04EC0-301F-11D3-BF4B-00C04F79EFBC}") = "Akvarium", "Akvarium\Akvarium.csproj", "{B6ABD71A-9A4F-43EE-9AE7-4B368AB6DDFF}"
EndProject
Project("{FAE04EC0-301F-11D3-BF4B-00C04F79EFBC}") = "ZalaZaTanci", "ZalaZaTanci\ZalaZaTanci.csproj", "{DB4F86E1-CAF0-4005-9D25-62B89662AFB7}"
EndProject
Project("{FAE04EC0-301F-11D3-BF4B-00C04F79EFBC}") = "Sladkari", "Sladkari\Sladkari.csproj", "{F4D50236-B317-4BFE-B669-86C7FDD4351B}"
EndProject
Project("{FAE04EC0-301F-11D3-BF4B-00C04F79EFBC}") = "AlkoholnaBorsa", "AlkoholnaBorsa\AlkoholnaBorsa.csproj", "{B6336A9A-FEEA-4C3C-863A-39310BA883A6}"
EndProject
Project("{FAE04EC0-301F-11D3-BF4B-00C04F79EFBC}") = "ShivashkiCeh", "ShivashkiCeh\ShivashkiCeh.csproj", "{0E815E3E-4C5D-42D0-BBDE-AA62933CEFCB}"
EndProject
Project("{FAE04EC0-301F-11D3-BF4B-00C04F79EFBC}") = "BonusTochki", "BonusTochki\BonusTochki.csproj", "{74C3E3B3-DB2E-46CB-A241-D6F70381201E}"
EndProject
Project("{FAE04EC0-301F-11D3-BF4B-00C04F79EFBC}") = "sumSekundi", "sumSekundi\sumSekundi.csproj", "{6D8E1E63-66AB-4A41-B9FE-41A0A48518DF}"
EndProject
Project("{FAE04EC0-301F-11D3-BF4B-00C04F79EFBC}") = "Chas15minuti", "Chas15minuti\Chas15minuti.csproj", "{25D6633D-A488-4203-B72F-857810A2197D}"
EndProject
Project("{FAE04EC0-301F-11D3-BF4B-00C04F79EFBC}") = "MetricConvertor", "MetricConvertor\MetricConvertor.csproj", "{FCA5C683-7A7A-43A9-A9FE-8B173CBEF20B}"
EndProject
Project("{FAE04EC0-301F-11D3-BF4B-00C04F79EFBC}") = "1to100", "1to100\1to100.csproj", "{973791B7-8123-4244-8325-1966B7F8165B}"
EndProject
Project("{FAE04EC0-301F-11D3-BF4B-00C04F79EFBC}") = "KotkataTom", "KotkataTom\KotkataTom.csproj", "{0FAF95A3-3680-411C-B2D8-CDA14D8FB286}"
EndProject
Project("{FAE04EC0-301F-11D3-BF4B-00C04F79EFBC}") = "lqvadqsnaSuma", "lqvadqsnaSuma\lqvadqsnaSuma.csproj", "{FAC4E0C6-6ADD-49C9-8953-05925A21455B}"
EndProject
Project("{FAE04EC0-301F-11D3-BF4B-00C04F79EFBC}") = "chetnaNechetnaSuma", "chetnaNechetnaSuma\chetnaNechetnaSuma.csproj", "{488A8C31-19B6-4414-A313-2D1C8CF4478D}"
EndProject
Project("{FAE04EC0-301F-11D3-BF4B-00C04F79EFBC}") = "SumiraneNbroiChisla", "SumiraneNbroiChisla\SumiraneNbroiChisla.csproj", "{72D666A8-F69E-49E3-9F8F-21A36FBB7AB7}"
EndProject
Project("{FAE04EC0-301F-11D3-BF4B-00C04F79EFBC}") = "NaiGolqmoChislo", "NaiGolqmoChislo\NaiGolqmoChislo.csproj", "{57BE4F40-A8A8-45BC-A4DA-8FF08329054D}"
EndProject
Project("{FAE04EC0-301F-11D3-BF4B-00C04F79EFBC}") = "NaiMalkoChislo", "NaiMalkoChislo\NaiMalkoChislo.csproj", "{BCDF0B24-CAB7-4A33-8208-7A3EA16AEC8B}"
EndProject
Project("{FAE04EC0-301F-11D3-BF4B-00C04F79EFBC}") = "SumiraneNaGlasniBukvi", "SumiraneNaGlasniBukvi\SumiraneNaGlasniBukvi.csproj", "{FC46CD34-DB76-4C18-BFD5-4E36B1921E49}"
EndProject
Project("{FAE04EC0-301F-11D3-BF4B-00C04F79EFBC}") = "ElementRavenNaSumataNaOstanalite", "ElementRavenNaSumataNaOstanalite\ElementRavenNaSumataNaOstanalite.csproj", "{46D6D0A5-C5FD-463A-82E0-C5A971F35B96}"
EndProject
Project("{FAE04EC0-301F-11D3-BF4B-00C04F79EFBC}") = "EdnakviDvoiki", "EdnakviDvoiki\EdnakviDvoiki.csproj", "{13ED97F2-340E-4D84-9396-26C8AE0C7BB1}"
EndProject
Project("{FAE04EC0-301F-11D3-BF4B-00C04F79EFBC}") = "ChetniNechetniPozicii", "ChetniNechetniPozicii\ChetniNechetniPozicii.csproj", "{190A9F15-67A2-473A-9564-6F0C4AEAD875}"
EndProject
Project("{FAE04EC0-301F-11D3-BF4B-00C04F79EFBC}") = "Histograma", "Histograma\Histograma.csproj", "{6EAC493F-D658-4199-9566-ABB4B181082B}"
EndProject
Project("{FAE04EC0-301F-11D3-BF4B-00C04F79EFBC}") = "ConsoleApp1", "ConsoleApp1\ConsoleApp1.csproj", "{4EFAC934-8CDA-4A3A-B559-1A98C25AF0E6}"
EndProject
Project("{FAE04EC0-301F-11D3-BF4B-00C04F79EFBC}") = "chisla1doNprez3", "chisla1doNprez3\chisla1doNprez3.csproj", "{8D303BB1-9F28-4C5F-B7CB-986EE7AE4702}"
EndProject
Project("{FAE04EC0-301F-11D3-BF4B-00C04F79EFBC}") = "chislaNdo1", "chislaNdo1\chislaNdo1.csproj", "{2EB1C6FA-19D6-48F3-9F60-D29B58586E44}"
EndProject
Project("{FAE04EC0-301F-11D3-BF4B-00C04F79EFBC}") = "chislataNpo2", "chislataNpo2\chislataNpo2.csproj", "{BE78D86D-BD5F-4D6F-A206-26A1CC073949}"
EndProject
Project("{FAE04EC0-301F-11D3-BF4B-00C04F79EFBC}") = "chetniStepeniNa2", "chetniStepeniNa2\chetniStepeniNa2.csproj", "{E0E2DB13-BDF9-4D5B-A683-9EB0386C9781}"
EndProject
Project("{FAE04EC0-301F-11D3-BF4B-00C04F79EFBC}") = "redicaChislaPoMalkiOt2k1", "redicaChislaPoMalkiOt2k1\redicaChislaPoMalkiOt2k1.csproj", "{B7FC10B4-D1B8-46A8-A8D6-9275ACFD6D7B}"
EndProject
Project("{FAE04EC0-301F-11D3-BF4B-00C04F79EFBC}") = "diapazon1do100", "diapazon1do100\diapazon1do100.csproj", "{99FE4ED8-EA15-4C63-9E1D-855C7B7C6B77}"
EndProject
Project("{FAE04EC0-301F-11D3-BF4B-00C04F79EFBC}") = "NOD", "NOD\NOD.csproj", "{8AD9F455-161B-4369-BCD2-0BFB675ADB0E}"
EndProject
Project("{FAE04EC0-301F-11D3-BF4B-00C04F79EFBC}") = "nFaktoriel", "nFaktoriel\nFaktoriel.csproj", "{5BC903FC-6EE4-4CC2-ABBB-C0103978ADA9}"
EndProject
Project("{FAE04EC0-301F-11D3-BF4B-00C04F79EFBC}") = "sumCifriOtChislo", "sumCifriOtChislo\sumCifriOtChislo.csproj", "{1F3ADFF0-6864-4A17-9ED0-364A728A183A}"
EndProject
Project("{FAE04EC0-301F-11D3-BF4B-00C04F79EFBC}") = "VuvejdaneChetnoChislo", "VuvejdaneChetnoChislo\VuvejdaneChetnoChislo.csproj", "{30414E55-9773-49D0-B241-7E65256D7AE1}"
EndProject
Project("{FAE04EC0-301F-11D3-BF4B-00C04F79EFBC}") = "Fibonachi", "Fibonachi\Fibonachi.csproj", "{6B968DFB-EDDC-4DE8-8BB3-C565B274F4B7}"
EndProject
Project("{FAE04EC0-301F-11D3-BF4B-00C04F79EFBC}") = "PiramidaOtChisla", "PiramidaOtChisla\PiramidaOtChisla.csproj", "{54BB2D26-ECAC-4E5A-9F9B-6367D82588D2}"
EndProject
Project("{FAE04EC0-301F-11D3-BF4B-00C04F79EFBC}") = "TablicaSusChisla", "TablicaSusChisla\TablicaSusChisla.csproj", "{596BF934-A8EC-43E3-815D-F21AF6698131}"
EndProject
Project("{FAE04EC0-301F-11D3-BF4B-00C04F79EFBC}") = "PochivkataNaDqdoKoleda", "PochivkataNaDqdoKoleda\PochivkataNaDqdoKoleda.csproj", "{EB289B50-C694-4860-896A-82B5B74539CB}"
EndProject
Project("{FAE04EC0-301F-11D3-BF4B-00C04F79EFBC}") = "PodaruciNaDjudjetata", "PodaruciNaDjudjetata\PodaruciNaDjudjetata.csproj", "{F471D84A-B63E-42C5-A2D3-8078957A5448}"
EndProject
Project("{FAE04EC0-301F-11D3-BF4B-00C04F79EFBC}") = "Pekarna", "Pekarna\Pekarna.csproj", "{A9562261-D681-4950-A18E-9F909F38FE8E}"
EndProject
Project("{FAE04EC0-301F-11D3-BF4B-00C04F79EFBC}") = "Putuvane", "Putuvane\Putuvane.csproj", "{490A72EA-0DAF-4D27-905F-2E121B64D4CE}"
EndProject
Project("{FAE04EC0-301F-11D3-BF4B-00C04F79EFBC}") = "Samolet", "Samolet\Samolet.csproj", "{D9E0F986-2F0B-400A-8DC3-46906572726E}"
EndProject
Global
	GlobalSection(SolutionConfigurationPlatforms) = preSolution
		Debug|Any CPU = Debug|Any CPU
		Release|Any CPU = Release|Any CPU
	EndGlobalSection
	GlobalSection(ProjectConfigurationPlatforms) = postSolution
		{88E725A3-19B1-4363-AFA9-8DD18047D83B}.Debug|Any CPU.ActiveCfg = Debug|Any CPU
		{88E725A3-19B1-4363-AFA9-8DD18047D83B}.Debug|Any CPU.Build.0 = Debug|Any CPU
		{88E725A3-19B1-4363-AFA9-8DD18047D83B}.Release|Any CPU.ActiveCfg = Release|Any CPU
		{88E725A3-19B1-4363-AFA9-8DD18047D83B}.Release|Any CPU.Build.0 = Release|Any CPU
		{F34F7BD3-3640-4346-A9DC-CB66C6B2F197}.Debug|Any CPU.ActiveCfg = Debug|Any CPU
		{F34F7BD3-3640-4346-A9DC-CB66C6B2F197}.Debug|Any CPU.Build.0 = Debug|Any CPU
		{F34F7BD3-3640-4346-A9DC-CB66C6B2F197}.Release|Any CPU.ActiveCfg = Release|Any CPU
		{F34F7BD3-3640-4346-A9DC-CB66C6B2F197}.Release|Any CPU.Build.0 = Release|Any CPU
		{49612777-C2C3-4B3C-9871-B7F3034DDAF5}.Debug|Any CPU.ActiveCfg = Debug|Any CPU
		{49612777-C2C3-4B3C-9871-B7F3034DDAF5}.Debug|Any CPU.Build.0 = Debug|Any CPU
		{49612777-C2C3-4B3C-9871-B7F3034DDAF5}.Release|Any CPU.ActiveCfg = Release|Any CPU
		{49612777-C2C3-4B3C-9871-B7F3034DDAF5}.Release|Any CPU.Build.0 = Release|Any CPU
		{04D6BF90-68D7-490C-B268-0EDE39110A78}.Debug|Any CPU.ActiveCfg = Debug|Any CPU
		{04D6BF90-68D7-490C-B268-0EDE39110A78}.Debug|Any CPU.Build.0 = Debug|Any CPU
		{04D6BF90-68D7-490C-B268-0EDE39110A78}.Release|Any CPU.ActiveCfg = Release|Any CPU
		{04D6BF90-68D7-490C-B268-0EDE39110A78}.Release|Any CPU.Build.0 = Release|Any CPU
		{EBEC346E-68E5-42E9-9E21-3BE85308E894}.Debug|Any CPU.ActiveCfg = Debug|Any CPU
		{EBEC346E-68E5-42E9-9E21-3BE85308E894}.Debug|Any CPU.Build.0 = Debug|Any CPU
		{EBEC346E-68E5-42E9-9E21-3BE85308E894}.Release|Any CPU.ActiveCfg = Release|Any CPU
		{EBEC346E-68E5-42E9-9E21-3BE85308E894}.Release|Any CPU.Build.0 = Release|Any CPU
		{B3268D48-79D6-4ECF-A859-DD29AFE1E67E}.Debug|Any CPU.ActiveCfg = Debug|Any CPU
		{B3268D48-79D6-4ECF-A859-DD29AFE1E67E}.Debug|Any CPU.Build.0 = Debug|Any CPU
		{B3268D48-79D6-4ECF-A859-DD29AFE1E67E}.Release|Any CPU.ActiveCfg = Release|Any CPU
		{B3268D48-79D6-4ECF-A859-DD29AFE1E67E}.Release|Any CPU.Build.0 = Release|Any CPU
		{A4E3BF47-28A1-45FD-8841-399E974F7148}.Debug|Any CPU.ActiveCfg = Debug|Any CPU
		{A4E3BF47-28A1-45FD-8841-399E974F7148}.Debug|Any CPU.Build.0 = Debug|Any CPU
		{A4E3BF47-28A1-45FD-8841-399E974F7148}.Release|Any CPU.ActiveCfg = Release|Any CPU
		{A4E3BF47-28A1-45FD-8841-399E974F7148}.Release|Any CPU.Build.0 = Release|Any CPU
		{2735051D-1220-49DC-B1DE-5CBAC0783E08}.Debug|Any CPU.ActiveCfg = Debug|Any CPU
		{2735051D-1220-49DC-B1DE-5CBAC0783E08}.Debug|Any CPU.Build.0 = Debug|Any CPU
		{2735051D-1220-49DC-B1DE-5CBAC0783E08}.Release|Any CPU.ActiveCfg = Release|Any CPU
		{2735051D-1220-49DC-B1DE-5CBAC0783E08}.Release|Any CPU.Build.0 = Release|Any CPU
		{7527E9D8-3812-47A1-9767-33318535FBB1}.Debug|Any CPU.ActiveCfg = Debug|Any CPU
		{7527E9D8-3812-47A1-9767-33318535FBB1}.Debug|Any CPU.Build.0 = Debug|Any CPU
		{7527E9D8-3812-47A1-9767-33318535FBB1}.Release|Any CPU.ActiveCfg = Release|Any CPU
		{7527E9D8-3812-47A1-9767-33318535FBB1}.Release|Any CPU.Build.0 = Release|Any CPU
		{D2B7CDBA-B933-4ACE-9BC2-64E6C45ADBF1}.Debug|Any CPU.ActiveCfg = Debug|Any CPU
		{D2B7CDBA-B933-4ACE-9BC2-64E6C45ADBF1}.Debug|Any CPU.Build.0 = Debug|Any CPU
		{D2B7CDBA-B933-4ACE-9BC2-64E6C45ADBF1}.Release|Any CPU.ActiveCfg = Release|Any CPU
		{D2B7CDBA-B933-4ACE-9BC2-64E6C45ADBF1}.Release|Any CPU.Build.0 = Release|Any CPU
		{E43DE363-C0C0-48B7-B5DC-8016E2768696}.Debug|Any CPU.ActiveCfg = Debug|Any CPU
		{E43DE363-C0C0-48B7-B5DC-8016E2768696}.Debug|Any CPU.Build.0 = Debug|Any CPU
		{E43DE363-C0C0-48B7-B5DC-8016E2768696}.Release|Any CPU.ActiveCfg = Release|Any CPU
		{E43DE363-C0C0-48B7-B5DC-8016E2768696}.Release|Any CPU.Build.0 = Release|Any CPU
		{60E8921A-2B3D-45D1-B024-022838CF2525}.Debug|Any CPU.ActiveCfg = Debug|Any CPU
		{60E8921A-2B3D-45D1-B024-022838CF2525}.Debug|Any CPU.Build.0 = Debug|Any CPU
		{60E8921A-2B3D-45D1-B024-022838CF2525}.Release|Any CPU.ActiveCfg = Release|Any CPU
		{60E8921A-2B3D-45D1-B024-022838CF2525}.Release|Any CPU.Build.0 = Release|Any CPU
		{B149B7E5-3076-431B-B0DA-37665AE185CF}.Debug|Any CPU.ActiveCfg = Debug|Any CPU
		{B149B7E5-3076-431B-B0DA-37665AE185CF}.Debug|Any CPU.Build.0 = Debug|Any CPU
		{B149B7E5-3076-431B-B0DA-37665AE185CF}.Release|Any CPU.ActiveCfg = Release|Any CPU
		{B149B7E5-3076-431B-B0DA-37665AE185CF}.Release|Any CPU.Build.0 = Release|Any CPU
		{C47412ED-F0B8-4B8E-A674-2E148C80BF5F}.Debug|Any CPU.ActiveCfg = Debug|Any CPU
		{C47412ED-F0B8-4B8E-A674-2E148C80BF5F}.Debug|Any CPU.Build.0 = Debug|Any CPU
		{C47412ED-F0B8-4B8E-A674-2E148C80BF5F}.Release|Any CPU.ActiveCfg = Release|Any CPU
		{C47412ED-F0B8-4B8E-A674-2E148C80BF5F}.Release|Any CPU.Build.0 = Release|Any CPU
		{B6ABD71A-9A4F-43EE-9AE7-4B368AB6DDFF}.Debug|Any CPU.ActiveCfg = Debug|Any CPU
		{B6ABD71A-9A4F-43EE-9AE7-4B368AB6DDFF}.Debug|Any CPU.Build.0 = Debug|Any CPU
		{B6ABD71A-9A4F-43EE-9AE7-4B368AB6DDFF}.Release|Any CPU.ActiveCfg = Release|Any CPU
		{B6ABD71A-9A4F-43EE-9AE7-4B368AB6DDFF}.Release|Any CPU.Build.0 = Release|Any CPU
		{DB4F86E1-CAF0-4005-9D25-62B89662AFB7}.Debug|Any CPU.ActiveCfg = Debug|Any CPU
		{DB4F86E1-CAF0-4005-9D25-62B89662AFB7}.Debug|Any CPU.Build.0 = Debug|Any CPU
		{DB4F86E1-CAF0-4005-9D25-62B89662AFB7}.Release|Any CPU.ActiveCfg = Release|Any CPU
		{DB4F86E1-CAF0-4005-9D25-62B89662AFB7}.Release|Any CPU.Build.0 = Release|Any CPU
		{F4D50236-B317-4BFE-B669-86C7FDD4351B}.Debug|Any CPU.ActiveCfg = Debug|Any CPU
		{F4D50236-B317-4BFE-B669-86C7FDD4351B}.Debug|Any CPU.Build.0 = Debug|Any CPU
		{F4D50236-B317-4BFE-B669-86C7FDD4351B}.Release|Any CPU.ActiveCfg = Release|Any CPU
		{F4D50236-B317-4BFE-B669-86C7FDD4351B}.Release|Any CPU.Build.0 = Release|Any CPU
		{B6336A9A-FEEA-4C3C-863A-39310BA883A6}.Debug|Any CPU.ActiveCfg = Debug|Any CPU
		{B6336A9A-FEEA-4C3C-863A-39310BA883A6}.Debug|Any CPU.Build.0 = Debug|Any CPU
		{B6336A9A-FEEA-4C3C-863A-39310BA883A6}.Release|Any CPU.ActiveCfg = Release|Any CPU
		{B6336A9A-FEEA-4C3C-863A-39310BA883A6}.Release|Any CPU.Build.0 = Release|Any CPU
		{0E815E3E-4C5D-42D0-BBDE-AA62933CEFCB}.Debug|Any CPU.ActiveCfg = Debug|Any CPU
		{0E815E3E-4C5D-42D0-BBDE-AA62933CEFCB}.Debug|Any CPU.Build.0 = Debug|Any CPU
		{0E815E3E-4C5D-42D0-BBDE-AA62933CEFCB}.Release|Any CPU.ActiveCfg = Release|Any CPU
		{0E815E3E-4C5D-42D0-BBDE-AA62933CEFCB}.Release|Any CPU.Build.0 = Release|Any CPU
		{74C3E3B3-DB2E-46CB-A241-D6F70381201E}.Debug|Any CPU.ActiveCfg = Debug|Any CPU
		{74C3E3B3-DB2E-46CB-A241-D6F70381201E}.Debug|Any CPU.Build.0 = Debug|Any CPU
		{74C3E3B3-DB2E-46CB-A241-D6F70381201E}.Release|Any CPU.ActiveCfg = Release|Any CPU
		{74C3E3B3-DB2E-46CB-A241-D6F70381201E}.Release|Any CPU.Build.0 = Release|Any CPU
		{6D8E1E63-66AB-4A41-B9FE-41A0A48518DF}.Debug|Any CPU.ActiveCfg = Debug|Any CPU
		{6D8E1E63-66AB-4A41-B9FE-41A0A48518DF}.Debug|Any CPU.Build.0 = Debug|Any CPU
		{6D8E1E63-66AB-4A41-B9FE-41A0A48518DF}.Release|Any CPU.ActiveCfg = Release|Any CPU
		{6D8E1E63-66AB-4A41-B9FE-41A0A48518DF}.Release|Any CPU.Build.0 = Release|Any CPU
		{25D6633D-A488-4203-B72F-857810A2197D}.Debug|Any CPU.ActiveCfg = Debug|Any CPU
		{25D6633D-A488-4203-B72F-857810A2197D}.Debug|Any CPU.Build.0 = Debug|Any CPU
		{25D6633D-A488-4203-B72F-857810A2197D}.Release|Any CPU.ActiveCfg = Release|Any CPU
		{25D6633D-A488-4203-B72F-857810A2197D}.Release|Any CPU.Build.0 = Release|Any CPU
		{FCA5C683-7A7A-43A9-A9FE-8B173CBEF20B}.Debug|Any CPU.ActiveCfg = Debug|Any CPU
		{FCA5C683-7A7A-43A9-A9FE-8B173CBEF20B}.Debug|Any CPU.Build.0 = Debug|Any CPU
		{FCA5C683-7A7A-43A9-A9FE-8B173CBEF20B}.Release|Any CPU.ActiveCfg = Release|Any CPU
		{FCA5C683-7A7A-43A9-A9FE-8B173CBEF20B}.Release|Any CPU.Build.0 = Release|Any CPU
		{973791B7-8123-4244-8325-1966B7F8165B}.Debug|Any CPU.ActiveCfg = Debug|Any CPU
		{973791B7-8123-4244-8325-1966B7F8165B}.Debug|Any CPU.Build.0 = Debug|Any CPU
		{973791B7-8123-4244-8325-1966B7F8165B}.Release|Any CPU.ActiveCfg = Release|Any CPU
		{973791B7-8123-4244-8325-1966B7F8165B}.Release|Any CPU.Build.0 = Release|Any CPU
		{0FAF95A3-3680-411C-B2D8-CDA14D8FB286}.Debug|Any CPU.ActiveCfg = Debug|Any CPU
		{0FAF95A3-3680-411C-B2D8-CDA14D8FB286}.Debug|Any CPU.Build.0 = Debug|Any CPU
		{0FAF95A3-3680-411C-B2D8-CDA14D8FB286}.Release|Any CPU.ActiveCfg = Release|Any CPU
		{0FAF95A3-3680-411C-B2D8-CDA14D8FB286}.Release|Any CPU.Build.0 = Release|Any CPU
		{FAC4E0C6-6ADD-49C9-8953-05925A21455B}.Debug|Any CPU.ActiveCfg = Debug|Any CPU
		{FAC4E0C6-6ADD-49C9-8953-05925A21455B}.Debug|Any CPU.Build.0 = Debug|Any CPU
		{FAC4E0C6-6ADD-49C9-8953-05925A21455B}.Release|Any CPU.ActiveCfg = Release|Any CPU
		{FAC4E0C6-6ADD-49C9-8953-05925A21455B}.Release|Any CPU.Build.0 = Release|Any CPU
		{488A8C31-19B6-4414-A313-2D1C8CF4478D}.Debug|Any CPU.ActiveCfg = Debug|Any CPU
		{488A8C31-19B6-4414-A313-2D1C8CF4478D}.Debug|Any CPU.Build.0 = Debug|Any CPU
		{488A8C31-19B6-4414-A313-2D1C8CF4478D}.Release|Any CPU.ActiveCfg = Release|Any CPU
		{488A8C31-19B6-4414-A313-2D1C8CF4478D}.Release|Any CPU.Build.0 = Release|Any CPU
		{72D666A8-F69E-49E3-9F8F-21A36FBB7AB7}.Debug|Any CPU.ActiveCfg = Debug|Any CPU
		{72D666A8-F69E-49E3-9F8F-21A36FBB7AB7}.Debug|Any CPU.Build.0 = Debug|Any CPU
		{72D666A8-F69E-49E3-9F8F-21A36FBB7AB7}.Release|Any CPU.ActiveCfg = Release|Any CPU
		{72D666A8-F69E-49E3-9F8F-21A36FBB7AB7}.Release|Any CPU.Build.0 = Release|Any CPU
		{57BE4F40-A8A8-45BC-A4DA-8FF08329054D}.Debug|Any CPU.ActiveCfg = Debug|Any CPU
		{57BE4F40-A8A8-45BC-A4DA-8FF08329054D}.Debug|Any CPU.Build.0 = Debug|Any CPU
		{57BE4F40-A8A8-45BC-A4DA-8FF08329054D}.Release|Any CPU.ActiveCfg = Release|Any CPU
		{57BE4F40-A8A8-45BC-A4DA-8FF08329054D}.Release|Any CPU.Build.0 = Release|Any CPU
		{BCDF0B24-CAB7-4A33-8208-7A3EA16AEC8B}.Debug|Any CPU.ActiveCfg = Debug|Any CPU
		{BCDF0B24-CAB7-4A33-8208-7A3EA16AEC8B}.Debug|Any CPU.Build.0 = Debug|Any CPU
		{BCDF0B24-CAB7-4A33-8208-7A3EA16AEC8B}.Release|Any CPU.ActiveCfg = Release|Any CPU
		{BCDF0B24-CAB7-4A33-8208-7A3EA16AEC8B}.Release|Any CPU.Build.0 = Release|Any CPU
		{FC46CD34-DB76-4C18-BFD5-4E36B1921E49}.Debug|Any CPU.ActiveCfg = Debug|Any CPU
		{FC46CD34-DB76-4C18-BFD5-4E36B1921E49}.Debug|Any CPU.Build.0 = Debug|Any CPU
		{FC46CD34-DB76-4C18-BFD5-4E36B1921E49}.Release|Any CPU.ActiveCfg = Release|Any CPU
		{FC46CD34-DB76-4C18-BFD5-4E36B1921E49}.Release|Any CPU.Build.0 = Release|Any CPU
		{46D6D0A5-C5FD-463A-82E0-C5A971F35B96}.Debug|Any CPU.ActiveCfg = Debug|Any CPU
		{46D6D0A5-C5FD-463A-82E0-C5A971F35B96}.Debug|Any CPU.Build.0 = Debug|Any CPU
		{46D6D0A5-C5FD-463A-82E0-C5A971F35B96}.Release|Any CPU.ActiveCfg = Release|Any CPU
		{46D6D0A5-C5FD-463A-82E0-C5A971F35B96}.Release|Any CPU.Build.0 = Release|Any CPU
		{13ED97F2-340E-4D84-9396-26C8AE0C7BB1}.Debug|Any CPU.ActiveCfg = Debug|Any CPU
		{13ED97F2-340E-4D84-9396-26C8AE0C7BB1}.Debug|Any CPU.Build.0 = Debug|Any CPU
		{13ED97F2-340E-4D84-9396-26C8AE0C7BB1}.Release|Any CPU.ActiveCfg = Release|Any CPU
		{13ED97F2-340E-4D84-9396-26C8AE0C7BB1}.Release|Any CPU.Build.0 = Release|Any CPU
		{190A9F15-67A2-473A-9564-6F0C4AEAD875}.Debug|Any CPU.ActiveCfg = Debug|Any CPU
		{190A9F15-67A2-473A-9564-6F0C4AEAD875}.Debug|Any CPU.Build.0 = Debug|Any CPU
		{190A9F15-67A2-473A-9564-6F0C4AEAD875}.Release|Any CPU.ActiveCfg = Release|Any CPU
		{190A9F15-67A2-473A-9564-6F0C4AEAD875}.Release|Any CPU.Build.0 = Release|Any CPU
		{6EAC493F-D658-4199-9566-ABB4B181082B}.Debug|Any CPU.ActiveCfg = Debug|Any CPU
		{6EAC493F-D658-4199-9566-ABB4B181082B}.Debug|Any CPU.Build.0 = Debug|Any CPU
		{6EAC493F-D658-4199-9566-ABB4B181082B}.Release|Any CPU.ActiveCfg = Release|Any CPU
		{6EAC493F-D658-4199-9566-ABB4B181082B}.Release|Any CPU.Build.0 = Release|Any CPU
		{4EFAC934-8CDA-4A3A-B559-1A98C25AF0E6}.Debug|Any CPU.ActiveCfg = Debug|Any CPU
		{4EFAC934-8CDA-4A3A-B559-1A98C25AF0E6}.Debug|Any CPU.Build.0 = Debug|Any CPU
		{4EFAC934-8CDA-4A3A-B559-1A98C25AF0E6}.Release|Any CPU.ActiveCfg = Release|Any CPU
		{4EFAC934-8CDA-4A3A-B559-1A98C25AF0E6}.Release|Any CPU.Build.0 = Release|Any CPU
		{8D303BB1-9F28-4C5F-B7CB-986EE7AE4702}.Debug|Any CPU.ActiveCfg = Debug|Any CPU
		{8D303BB1-9F28-4C5F-B7CB-986EE7AE4702}.Debug|Any CPU.Build.0 = Debug|Any CPU
		{8D303BB1-9F28-4C5F-B7CB-986EE7AE4702}.Release|Any CPU.ActiveCfg = Release|Any CPU
		{8D303BB1-9F28-4C5F-B7CB-986EE7AE4702}.Release|Any CPU.Build.0 = Release|Any CPU
		{2EB1C6FA-19D6-48F3-9F60-D29B58586E44}.Debug|Any CPU.ActiveCfg = Debug|Any CPU
		{2EB1C6FA-19D6-48F3-9F60-D29B58586E44}.Debug|Any CPU.Build.0 = Debug|Any CPU
		{2EB1C6FA-19D6-48F3-9F60-D29B58586E44}.Release|Any CPU.ActiveCfg = Release|Any CPU
		{2EB1C6FA-19D6-48F3-9F60-D29B58586E44}.Release|Any CPU.Build.0 = Release|Any CPU
		{BE78D86D-BD5F-4D6F-A206-26A1CC073949}.Debug|Any CPU.ActiveCfg = Debug|Any CPU
		{BE78D86D-BD5F-4D6F-A206-26A1CC073949}.Debug|Any CPU.Build.0 = Debug|Any CPU
		{BE78D86D-BD5F-4D6F-A206-26A1CC073949}.Release|Any CPU.ActiveCfg = Release|Any CPU
		{BE78D86D-BD5F-4D6F-A206-26A1CC073949}.Release|Any CPU.Build.0 = Release|Any CPU
		{E0E2DB13-BDF9-4D5B-A683-9EB0386C9781}.Debug|Any CPU.ActiveCfg = Debug|Any CPU
		{E0E2DB13-BDF9-4D5B-A683-9EB0386C9781}.Debug|Any CPU.Build.0 = Debug|Any CPU
		{E0E2DB13-BDF9-4D5B-A683-9EB0386C9781}.Release|Any CPU.ActiveCfg = Release|Any CPU
		{E0E2DB13-BDF9-4D5B-A683-9EB0386C9781}.Release|Any CPU.Build.0 = Release|Any CPU
		{B7FC10B4-D1B8-46A8-A8D6-9275ACFD6D7B}.Debug|Any CPU.ActiveCfg = Debug|Any CPU
		{B7FC10B4-D1B8-46A8-A8D6-9275ACFD6D7B}.Debug|Any CPU.Build.0 = Debug|Any CPU
		{B7FC10B4-D1B8-46A8-A8D6-9275ACFD6D7B}.Release|Any CPU.ActiveCfg = Release|Any CPU
		{B7FC10B4-D1B8-46A8-A8D6-9275ACFD6D7B}.Release|Any CPU.Build.0 = Release|Any CPU
		{99FE4ED8-EA15-4C63-9E1D-855C7B7C6B77}.Debug|Any CPU.ActiveCfg = Debug|Any CPU
		{99FE4ED8-EA15-4C63-9E1D-855C7B7C6B77}.Debug|Any CPU.Build.0 = Debug|Any CPU
		{99FE4ED8-EA15-4C63-9E1D-855C7B7C6B77}.Release|Any CPU.ActiveCfg = Release|Any CPU
		{99FE4ED8-EA15-4C63-9E1D-855C7B7C6B77}.Release|Any CPU.Build.0 = Release|Any CPU
		{8AD9F455-161B-4369-BCD2-0BFB675ADB0E}.Debug|Any CPU.ActiveCfg = Debug|Any CPU
		{8AD9F455-161B-4369-BCD2-0BFB675ADB0E}.Debug|Any CPU.Build.0 = Debug|Any CPU
		{8AD9F455-161B-4369-BCD2-0BFB675ADB0E}.Release|Any CPU.ActiveCfg = Release|Any CPU
		{8AD9F455-161B-4369-BCD2-0BFB675ADB0E}.Release|Any CPU.Build.0 = Release|Any CPU
		{5BC903FC-6EE4-4CC2-ABBB-C0103978ADA9}.Debug|Any CPU.ActiveCfg = Debug|Any CPU
		{5BC903FC-6EE4-4CC2-ABBB-C0103978ADA9}.Debug|Any CPU.Build.0 = Debug|Any CPU
		{5BC903FC-6EE4-4CC2-ABBB-C0103978ADA9}.Release|Any CPU.ActiveCfg = Release|Any CPU
		{5BC903FC-6EE4-4CC2-ABBB-C0103978ADA9}.Release|Any CPU.Build.0 = Release|Any CPU
		{1F3ADFF0-6864-4A17-9ED0-364A728A183A}.Debug|Any CPU.ActiveCfg = Debug|Any CPU
		{1F3ADFF0-6864-4A17-9ED0-364A728A183A}.Debug|Any CPU.Build.0 = Debug|Any CPU
		{1F3ADFF0-6864-4A17-9ED0-364A728A183A}.Release|Any CPU.ActiveCfg = Release|Any CPU
		{1F3ADFF0-6864-4A17-9ED0-364A728A183A}.Release|Any CPU.Build.0 = Release|Any CPU
		{30414E55-9773-49D0-B241-7E65256D7AE1}.Debug|Any CPU.ActiveCfg = Debug|Any CPU
		{30414E55-9773-49D0-B241-7E65256D7AE1}.Debug|Any CPU.Build.0 = Debug|Any CPU
		{30414E55-9773-49D0-B241-7E65256D7AE1}.Release|Any CPU.ActiveCfg = Release|Any CPU
		{30414E55-9773-49D0-B241-7E65256D7AE1}.Release|Any CPU.Build.0 = Release|Any CPU
		{6B968DFB-EDDC-4DE8-8BB3-C565B274F4B7}.Debug|Any CPU.ActiveCfg = Debug|Any CPU
		{6B968DFB-EDDC-4DE8-8BB3-C565B274F4B7}.Debug|Any CPU.Build.0 = Debug|Any CPU
		{6B968DFB-EDDC-4DE8-8BB3-C565B274F4B7}.Release|Any CPU.ActiveCfg = Release|Any CPU
		{6B968DFB-EDDC-4DE8-8BB3-C565B274F4B7}.Release|Any CPU.Build.0 = Release|Any CPU
		{54BB2D26-ECAC-4E5A-9F9B-6367D82588D2}.Debug|Any CPU.ActiveCfg = Debug|Any CPU
		{54BB2D26-ECAC-4E5A-9F9B-6367D82588D2}.Debug|Any CPU.Build.0 = Debug|Any CPU
		{54BB2D26-ECAC-4E5A-9F9B-6367D82588D2}.Release|Any CPU.ActiveCfg = Release|Any CPU
		{54BB2D26-ECAC-4E5A-9F9B-6367D82588D2}.Release|Any CPU.Build.0 = Release|Any CPU
		{596BF934-A8EC-43E3-815D-F21AF6698131}.Debug|Any CPU.ActiveCfg = Debug|Any CPU
		{596BF934-A8EC-43E3-815D-F21AF6698131}.Debug|Any CPU.Build.0 = Debug|Any CPU
		{596BF934-A8EC-43E3-815D-F21AF6698131}.Release|Any CPU.ActiveCfg = Release|Any CPU
		{596BF934-A8EC-43E3-815D-F21AF6698131}.Release|Any CPU.Build.0 = Release|Any CPU
		{EB289B50-C694-4860-896A-82B5B74539CB}.Debug|Any CPU.ActiveCfg = Debug|Any CPU
		{EB289B50-C694-4860-896A-82B5B74539CB}.Debug|Any CPU.Build.0 = Debug|Any CPU
		{EB289B50-C694-4860-896A-82B5B74539CB}.Release|Any CPU.ActiveCfg = Release|Any CPU
		{EB289B50-C694-4860-896A-82B5B74539CB}.Release|Any CPU.Build.0 = Release|Any CPU
		{F471D84A-B63E-42C5-A2D3-8078957A5448}.Debug|Any CPU.ActiveCfg = Debug|Any CPU
		{F471D84A-B63E-42C5-A2D3-8078957A5448}.Debug|Any CPU.Build.0 = Debug|Any CPU
		{F471D84A-B63E-42C5-A2D3-8078957A5448}.Release|Any CPU.ActiveCfg = Release|Any CPU
		{F471D84A-B63E-42C5-A2D3-8078957A5448}.Release|Any CPU.Build.0 = Release|Any CPU
		{A9562261-D681-4950-A18E-9F909F38FE8E}.Debug|Any CPU.ActiveCfg = Debug|Any CPU
		{A9562261-D681-4950-A18E-9F909F38FE8E}.Debug|Any CPU.Build.0 = Debug|Any CPU
		{A9562261-D681-4950-A18E-9F909F38FE8E}.Release|Any CPU.ActiveCfg = Release|Any CPU
		{A9562261-D681-4950-A18E-9F909F38FE8E}.Release|Any CPU.Build.0 = Release|Any CPU
		{490A72EA-0DAF-4D27-905F-2E121B64D4CE}.Debug|Any CPU.ActiveCfg = Debug|Any CPU
		{490A72EA-0DAF-4D27-905F-2E121B64D4CE}.Debug|Any CPU.Build.0 = Debug|Any CPU
		{490A72EA-0DAF-4D27-905F-2E121B64D4CE}.Release|Any CPU.ActiveCfg = Release|Any CPU
		{490A72EA-0DAF-4D27-905F-2E121B64D4CE}.Release|Any CPU.Build.0 = Release|Any CPU
		{D9E0F986-2F0B-400A-8DC3-46906572726E}.Debug|Any CPU.ActiveCfg = Debug|Any CPU
		{D9E0F986-2F0B-400A-8DC3-46906572726E}.Debug|Any CPU.Build.0 = Debug|Any CPU
		{D9E0F986-2F0B-400A-8DC3-46906572726E}.Release|Any CPU.ActiveCfg = Release|Any CPU
		{D9E0F986-2F0B-400A-8DC3-46906572726E}.Release|Any CPU.Build.0 = Release|Any CPU
	EndGlobalSection
	GlobalSection(SolutionProperties) = preSolution
		HideSolutionNode = FALSE
	EndGlobalSection
	GlobalSection(ExtensibilityGlobals) = postSolution
		SolutionGuid = {53B866CB-787A-460D-AF75-49EDD0E5FEB2}
	EndGlobalSection
EndGlobal
