
Microsoft Visual Studio Solution File, Format Version 12.00
# Visual Studio 15
VisualStudioVersion = 15.0.27130.2027
MinimumVisualStudioVersion = 10.0.40219.1
Project("{FAE04EC0-301F-11D3-BF4B-00C04F79EFBC}") = "LearningFile", "LearningFile\LearningFile.csproj", "{43FD267A-66DB-40FF-8E87-8DACBC40DB63}"
EndProject
Global
	GlobalSection(SolutionConfigurationPlatforms) = preSolution
		Debug|Any CPU = Debug|Any CPU
		Release|Any CPU = Release|Any CPU
	EndGlobalSection
	GlobalSection(ProjectConfigurationPlatforms) = postSolution
		{43FD267A-66DB-40FF-8E87-8DACBC40DB63}.Debug|Any CPU.ActiveCfg = Debug|Any CPU
		{43FD267A-66DB-40FF-8E87-8DACBC40DB63}.Debug|Any CPU.Build.0 = Debug|Any CPU
		{43FD267A-66DB-40FF-8E87-8DACBC40DB63}.Release|Any CPU.ActiveCfg = Release|Any CPU
		{43FD267A-66DB-40FF-8E87-8DACBC40DB63}.Release|Any CPU.Build.0 = Release|Any CPU
	EndGlobalSection
	GlobalSection(SolutionProperties) = preSolution
		HideSolutionNode = FALSE
	EndGlobalSection
	GlobalSection(ExtensibilityGlobals) = postSolution
		SolutionGuid = {FC9DC454-82F0-4A81-80E7-8FBED48B4549}
	EndGlobalSection
EndGlobal
